
Microsoft Visual Studio Solution File, Format Version 12.00
# Visual Studio Version 16
VisualStudioVersion = 16.0.30309.148
MinimumVisualStudioVersion = 10.0.40219.1
Project("{9A19103F-16F7-4668-BE54-9A1E7A4F7556}") = "Harpocrates.Host", "Harpocrates.Host\Harpocrates.Host.csproj", "{CDB04DB4-BD5C-419C-AF43-E60DA2B853D1}"
EndProject
Project("{2150E333-8FDC-42A3-9474-1A3956D46DE8}") = "Host", "Host", "{0A0D01AC-0F23-426C-884F-D0D2F3460EC6}"
EndProject
Project("{2150E333-8FDC-42A3-9474-1A3956D46DE8}") = "Runtime", "Runtime", "{8DEC4C27-A34C-4E2C-9007-46E445C42A7F}"
EndProject
Project("{2150E333-8FDC-42A3-9474-1A3956D46DE8}") = "Providers", "Providers", "{297F0322-5B44-4B19-9F42-7AD6516904AF}"
EndProject
Project("{9A19103F-16F7-4668-BE54-9A1E7A4F7556}") = "Harpocrates.Runtime.Common", "Runtime\Harpocrates.Runtime.Common\Harpocrates.Runtime.Common.csproj", "{6BB16D7C-A7E7-4604-BA6B-CA73CD0276BF}"
EndProject
Project("{9A19103F-16F7-4668-BE54-9A1E7A4F7556}") = "Harpocrates.Runtime", "Runtime\Harpocrates.Runtime\Harpocrates.Runtime.csproj", "{B9540D21-2478-4F85-89B1-C92D8720ADE2}"
EndProject
Project("{2150E333-8FDC-42A3-9474-1A3956D46DE8}") = "Secret Management", "Secret Management", "{31C53DE1-D035-47DB-B193-992B99EABEC0}"
EndProject
Project("{9A19103F-16F7-4668-BE54-9A1E7A4F7556}") = "Harpocrates.SecretManagement", "Runtime\Harpocrates.SecretManagement\Harpocrates.SecretManagement.csproj", "{530D80C5-B7AF-44EC-A9A6-FA43B7003EA4}"
EndProject
Project("{9A19103F-16F7-4668-BE54-9A1E7A4F7556}") = "Harpocrates.SecretManagement.DataAccess", "Runtime\Harpocrates.SecretManagement.DataAccess\Harpocrates.SecretManagement.DataAccess.csproj", "{CD629403-544E-4935-9E7B-4CE17EB70292}"
EndProject
Project("{9A19103F-16F7-4668-BE54-9A1E7A4F7556}") = "Harpocrates.SecretManagement.Contracts", "Runtime\Harpocrates.SecretManagement.Contracts\Harpocrates.SecretManagement.Contracts.csproj", "{1CFCC8B0-407F-4191-9EB9-1684C5585E84}"
EndProject
Project("{9A19103F-16F7-4668-BE54-9A1E7A4F7556}") = "Harpocrates.Management.Web", "Harpocrates.Management.Web\Harpocrates.Management.Web.csproj", "{BB14A965-F936-4927-8802-A90675DFBA5C}"
EndProject
Project("{9A19103F-16F7-4668-BE54-9A1E7A4F7556}") = "Harpocrates.SecretManagement.DataAccess.StorageAccount", "Harpocrates.SecretManagement.DataAccess.StorageAccount\Harpocrates.SecretManagement.DataAccess.StorageAccount.csproj", "{9338A866-68E7-4CEE-B768-A9B4F322CD11}"
EndProject
Project("{9A19103F-16F7-4668-BE54-9A1E7A4F7556}") = "Harpocrates.Host.AzureFunction", "Harpocrates.Host.AzureFunction\Harpocrates.Host.AzureFunction.csproj", "{4F9AB934-95D2-4C72-BF1F-460E9C5380FE}"
EndProject
Project("{9A19103F-16F7-4668-BE54-9A1E7A4F7556}") = "Harpocrates.SecretManagement.Providers", "Runtime\Harpocrates.SecretManagement.Providers\Harpocrates.SecretManagement.Providers.csproj", "{7C65D8A6-8EAD-4DA7-AA5A-25A1D17C22F6}"
EndProject
Project("{2150E333-8FDC-42A3-9474-1A3956D46DE8}") = "Management", "Management", "{783DB9CA-E7B2-4623-9544-27428D6A0C17}"
EndProject
Project("{2150E333-8FDC-42A3-9474-1A3956D46DE8}") = "Runtime", "Runtime", "{D38DE8CF-8B9F-40B8-983E-9B06B7231D77}"
EndProject
Global
	GlobalSection(SolutionConfigurationPlatforms) = preSolution
		Debug|Any CPU = Debug|Any CPU
		Release|Any CPU = Release|Any CPU
	EndGlobalSection
	GlobalSection(ProjectConfigurationPlatforms) = postSolution
		{CDB04DB4-BD5C-419C-AF43-E60DA2B853D1}.Debug|Any CPU.ActiveCfg = Debug|Any CPU
		{CDB04DB4-BD5C-419C-AF43-E60DA2B853D1}.Debug|Any CPU.Build.0 = Debug|Any CPU
		{CDB04DB4-BD5C-419C-AF43-E60DA2B853D1}.Release|Any CPU.ActiveCfg = Release|Any CPU
		{CDB04DB4-BD5C-419C-AF43-E60DA2B853D1}.Release|Any CPU.Build.0 = Release|Any CPU
		{6BB16D7C-A7E7-4604-BA6B-CA73CD0276BF}.Debug|Any CPU.ActiveCfg = Debug|Any CPU
		{6BB16D7C-A7E7-4604-BA6B-CA73CD0276BF}.Debug|Any CPU.Build.0 = Debug|Any CPU
		{6BB16D7C-A7E7-4604-BA6B-CA73CD0276BF}.Release|Any CPU.ActiveCfg = Release|Any CPU
		{6BB16D7C-A7E7-4604-BA6B-CA73CD0276BF}.Release|Any CPU.Build.0 = Release|Any CPU
		{B9540D21-2478-4F85-89B1-C92D8720ADE2}.Debug|Any CPU.ActiveCfg = Debug|Any CPU
		{B9540D21-2478-4F85-89B1-C92D8720ADE2}.Debug|Any CPU.Build.0 = Debug|Any CPU
		{B9540D21-2478-4F85-89B1-C92D8720ADE2}.Release|Any CPU.ActiveCfg = Release|Any CPU
		{B9540D21-2478-4F85-89B1-C92D8720ADE2}.Release|Any CPU.Build.0 = Release|Any CPU
		{530D80C5-B7AF-44EC-A9A6-FA43B7003EA4}.Debug|Any CPU.ActiveCfg = Debug|Any CPU
		{530D80C5-B7AF-44EC-A9A6-FA43B7003EA4}.Debug|Any CPU.Build.0 = Debug|Any CPU
		{530D80C5-B7AF-44EC-A9A6-FA43B7003EA4}.Release|Any CPU.ActiveCfg = Release|Any CPU
		{530D80C5-B7AF-44EC-A9A6-FA43B7003EA4}.Release|Any CPU.Build.0 = Release|Any CPU
		{CD629403-544E-4935-9E7B-4CE17EB70292}.Debug|Any CPU.ActiveCfg = Debug|Any CPU
		{CD629403-544E-4935-9E7B-4CE17EB70292}.Debug|Any CPU.Build.0 = Debug|Any CPU
		{CD629403-544E-4935-9E7B-4CE17EB70292}.Release|Any CPU.ActiveCfg = Release|Any CPU
		{CD629403-544E-4935-9E7B-4CE17EB70292}.Release|Any CPU.Build.0 = Release|Any CPU
		{1CFCC8B0-407F-4191-9EB9-1684C5585E84}.Debug|Any CPU.ActiveCfg = Debug|Any CPU
		{1CFCC8B0-407F-4191-9EB9-1684C5585E84}.Debug|Any CPU.Build.0 = Debug|Any CPU
		{1CFCC8B0-407F-4191-9EB9-1684C5585E84}.Release|Any CPU.ActiveCfg = Release|Any CPU
		{1CFCC8B0-407F-4191-9EB9-1684C5585E84}.Release|Any CPU.Build.0 = Release|Any CPU
		{BB14A965-F936-4927-8802-A90675DFBA5C}.Debug|Any CPU.ActiveCfg = Debug|Any CPU
		{BB14A965-F936-4927-8802-A90675DFBA5C}.Debug|Any CPU.Build.0 = Debug|Any CPU
		{BB14A965-F936-4927-8802-A90675DFBA5C}.Release|Any CPU.ActiveCfg = Release|Any CPU
		{BB14A965-F936-4927-8802-A90675DFBA5C}.Release|Any CPU.Build.0 = Release|Any CPU
		{9338A866-68E7-4CEE-B768-A9B4F322CD11}.Debug|Any CPU.ActiveCfg = Debug|Any CPU
		{9338A866-68E7-4CEE-B768-A9B4F322CD11}.Debug|Any CPU.Build.0 = Debug|Any CPU
		{9338A866-68E7-4CEE-B768-A9B4F322CD11}.Release|Any CPU.ActiveCfg = Release|Any CPU
		{9338A866-68E7-4CEE-B768-A9B4F322CD11}.Release|Any CPU.Build.0 = Release|Any CPU
		{4F9AB934-95D2-4C72-BF1F-460E9C5380FE}.Debug|Any CPU.ActiveCfg = Debug|Any CPU
		{4F9AB934-95D2-4C72-BF1F-460E9C5380FE}.Debug|Any CPU.Build.0 = Debug|Any CPU
		{4F9AB934-95D2-4C72-BF1F-460E9C5380FE}.Release|Any CPU.ActiveCfg = Release|Any CPU
		{4F9AB934-95D2-4C72-BF1F-460E9C5380FE}.Release|Any CPU.Build.0 = Release|Any CPU
		{7C65D8A6-8EAD-4DA7-AA5A-25A1D17C22F6}.Debug|Any CPU.ActiveCfg = Debug|Any CPU
		{7C65D8A6-8EAD-4DA7-AA5A-25A1D17C22F6}.Debug|Any CPU.Build.0 = Debug|Any CPU
		{7C65D8A6-8EAD-4DA7-AA5A-25A1D17C22F6}.Release|Any CPU.ActiveCfg = Release|Any CPU
		{7C65D8A6-8EAD-4DA7-AA5A-25A1D17C22F6}.Release|Any CPU.Build.0 = Release|Any CPU
	EndGlobalSection
	GlobalSection(SolutionProperties) = preSolution
		HideSolutionNode = FALSE
	EndGlobalSection
	GlobalSection(NestedProjects) = preSolution
		{CDB04DB4-BD5C-419C-AF43-E60DA2B853D1} = {0A0D01AC-0F23-426C-884F-D0D2F3460EC6}
		{0A0D01AC-0F23-426C-884F-D0D2F3460EC6} = {D38DE8CF-8B9F-40B8-983E-9B06B7231D77}
		{8DEC4C27-A34C-4E2C-9007-46E445C42A7F} = {D38DE8CF-8B9F-40B8-983E-9B06B7231D77}
		{297F0322-5B44-4B19-9F42-7AD6516904AF} = {31C53DE1-D035-47DB-B193-992B99EABEC0}
		{6BB16D7C-A7E7-4604-BA6B-CA73CD0276BF} = {8DEC4C27-A34C-4E2C-9007-46E445C42A7F}
		{B9540D21-2478-4F85-89B1-C92D8720ADE2} = {8DEC4C27-A34C-4E2C-9007-46E445C42A7F}
		{31C53DE1-D035-47DB-B193-992B99EABEC0} = {8DEC4C27-A34C-4E2C-9007-46E445C42A7F}
		{530D80C5-B7AF-44EC-A9A6-FA43B7003EA4} = {31C53DE1-D035-47DB-B193-992B99EABEC0}
		{CD629403-544E-4935-9E7B-4CE17EB70292} = {31C53DE1-D035-47DB-B193-992B99EABEC0}
		{1CFCC8B0-407F-4191-9EB9-1684C5585E84} = {31C53DE1-D035-47DB-B193-992B99EABEC0}
		{BB14A965-F936-4927-8802-A90675DFBA5C} = {783DB9CA-E7B2-4623-9544-27428D6A0C17}
		{9338A866-68E7-4CEE-B768-A9B4F322CD11} = {31C53DE1-D035-47DB-B193-992B99EABEC0}
		{4F9AB934-95D2-4C72-BF1F-460E9C5380FE} = {0A0D01AC-0F23-426C-884F-D0D2F3460EC6}
		{7C65D8A6-8EAD-4DA7-AA5A-25A1D17C22F6} = {297F0322-5B44-4B19-9F42-7AD6516904AF}
	EndGlobalSection
	GlobalSection(ExtensibilityGlobals) = postSolution
		SolutionGuid = {9111331D-B9DB-4FFE-9554-6B75F26F519E}
	EndGlobalSection
EndGlobal
